# This file is automatically @generated by Cargo.
# It is not intended for manual editing.
[[package]]
name = "autocfg"
version = "1.0.0"
source = "registry+https://github.com/rust-lang/crates.io-index"
checksum = "f8aac770f1885fd7e387acedd76065302551364496e46b3dd00860b2f8359b9d"

[[package]]
name = "byteorder"
version = "1.3.4"
source = "registry+https://github.com/rust-lang/crates.io-index"
checksum = "08c48aae112d48ed9f069b33538ea9e3e90aa263cfa3d1c24309612b1f7472de"

[[package]]
name = "cfg-if"
version = "0.1.10"
source = "registry+https://github.com/rust-lang/crates.io-index"
checksum = "4785bdd1c96b2a846b2bd7cc02e86b6b3dbf14e7e53446c4f54c92a361040822"

[[package]]
name = "greet-wascc"
version = "0.5.0"
dependencies = [
 "wascc-actor",
 "wascc-codec 0.7.1",
]

[[package]]
name = "itoa"
version = "0.4.5"
source = "registry+https://github.com/rust-lang/crates.io-index"
checksum = "b8b7a7c0c47db5545ed3fef7468ee7bb5b74691498139e4b3f6a20685dc6dd8e"

[[package]]
name = "lazy_static"
version = "1.4.0"
source = "registry+https://github.com/rust-lang/crates.io-index"
checksum = "e2abad23fbc42b3700f2f279844dc832adb2b2eb069b2df918f455c4e18cc646"

[[package]]
name = "log"
version = "0.4.8"
source = "registry+https://github.com/rust-lang/crates.io-index"
checksum = "14b6052be84e6b71ab17edffc2eeabf5c2c3ae1fdb464aae35ac50c67a44e1f7"
dependencies = [
 "cfg-if",
 "serde",
]

[[package]]
name = "num-traits"
version = "0.2.11"
source = "registry+https://github.com/rust-lang/crates.io-index"
checksum = "c62be47e61d1842b9170f0fdeec8eba98e60e90e5446449a0545e5152acd7096"
dependencies = [
 "autocfg",
]

[[package]]
name = "proc-macro2"
version = "1.0.18"
source = "registry+https://github.com/rust-lang/crates.io-index"
checksum = "beae6331a816b1f65d04c45b078fd8e6c93e8071771f41b8163255bbd8d7c8fa"
dependencies = [
 "unicode-xid",
]

[[package]]
name = "quote"
version = "1.0.7"
source = "registry+https://github.com/rust-lang/crates.io-index"
checksum = "aa563d17ecb180e500da1cfd2b028310ac758de548efdd203e18f283af693f37"
dependencies = [
 "proc-macro2",
]

[[package]]
name = "rmp"
version = "0.8.9"
source = "registry+https://github.com/rust-lang/crates.io-index"
checksum = "0f10b46df14cf1ee1ac7baa4d2fbc2c52c0622a4b82fa8740e37bc452ac0184f"
dependencies = [
 "byteorder",
 "num-traits",
]

[[package]]
name = "rmp-serde"
version = "0.14.3"
source = "registry+https://github.com/rust-lang/crates.io-index"
checksum = "4c1ee98f14fe8b8e9c5ea13d25da7b2a1796169202c57a09d7288de90d56222b"
dependencies = [
 "byteorder",
 "rmp",
 "serde",
]

[[package]]
name = "ryu"
version = "1.0.5"
source = "registry+https://github.com/rust-lang/crates.io-index"
checksum = "71d301d4193d031abdd79ff7e3dd721168a9572ef3fe51a1517aba235bd8f86e"

[[package]]
name = "serde"
version = "1.0.111"
source = "registry+https://github.com/rust-lang/crates.io-index"
checksum = "c9124df5b40cbd380080b2cc6ab894c040a3070d995f5c9dc77e18c34a8ae37d"

[[package]]
name = "serde_bytes"
version = "0.11.4"
source = "registry+https://github.com/rust-lang/crates.io-index"
checksum = "3bf487fbf5c6239d7ea2ff8b10cb6b811cd4b5080d1c2aeed1dec18753c06e10"
dependencies = [
 "serde",
]

[[package]]
name = "serde_derive"
version = "1.0.111"
source = "registry+https://github.com/rust-lang/crates.io-index"
checksum = "3f2c3ac8e6ca1e9c80b8be1023940162bf81ae3cffbb1809474152f2ce1eb250"
dependencies = [
 "proc-macro2",
 "quote",
 "syn",
]

[[package]]
name = "serde_json"
version = "1.0.54"
source = "registry+https://github.com/rust-lang/crates.io-index"
checksum = "cfe4c1f6427dbc29329c6288e9e748b8b8e0ea42a0aab733e887fa72c22e965d"
dependencies = [
 "itoa",
 "ryu",
 "serde",
]

[[package]]
name = "syn"
version = "1.0.30"
source = "registry+https://github.com/rust-lang/crates.io-index"
checksum = "93a56fabc59dce20fe48b6c832cc249c713e7ed88fa28b0ee0a3bfcaae5fe4e2"
dependencies = [
 "proc-macro2",
 "quote",
 "unicode-xid",
]

[[package]]
name = "unicode-xid"
version = "0.2.0"
source = "registry+https://github.com/rust-lang/crates.io-index"
checksum = "826e7639553986605ec5979c7dd957c7895e93eabed50ab2ffa7f6128a75097c"

[[package]]
name = "wapc-guest"
version = "0.3.1"
source = "registry+https://github.com/rust-lang/crates.io-index"
checksum = "b5367d300ea3f87b7039211b2f3c3345f32156797c1e7ec09aba1f0970a575e0"

[[package]]
name = "wascc-actor"
version = "0.7.2"
source = "registry+https://github.com/rust-lang/crates.io-index"
checksum = "216184ce30f30f88e3677b45b7989508d546251131f4347f00815d57f4c8bb97"
dependencies = [
 "lazy_static",
 "log",
 "serde",
 "serde_derive",
 "serde_json",
 "wapc-guest",
 "wascc-codec 0.6.0",
]

[[package]]
name = "wascc-codec"
version = "0.6.0"
source = "registry+https://github.com/rust-lang/crates.io-index"
checksum = "e7b7d2d6a8e5de8318d6525399a155e5cb0e8d1ec547b8d780ad3c03da6e6d1f"
dependencies = [
 "log",
 "rmp-serde",
 "serde",
 "serde_bytes",
 "serde_derive",
 "serde_json",
]

[[package]]
name = "wascc-codec"
version = "0.7.1"
source = "registry+https://github.com/rust-lang/crates.io-index"
checksum = "c04d2c94d86c805ab4d63b28639624b71993511298f1a1cdbc70fa6d58acffa2"
dependencies = [
 "log",
 "rmp-serde",
 "serde",
 "serde_bytes",
 "serde_derive",
 "serde_json",
]
