{
  "requires": true,
  "lockfileVersion": 1,
  "dependencies": {
    "as-wasi": {
      "version": "0.0.1",
      "resolved": "https://registry.npmjs.org/as-wasi/-/as-wasi-0.0.1.tgz",
      "integrity": "sha512-l1M9r7RaswgTHGgYZuw3yCRQv3dpO5FVypuWrMPo7P1VDe30UoNtVRiV299Bf2k34enxHrPgczHg8znSr9SejQ=="
    },
    "assemblyscript": {
      "version": "0.9.4",
      "resolved": "https://registry.npmjs.org/assemblyscript/-/assemblyscript-0.9.4.tgz",
      "integrity": "sha512-GabjIxYt5uI3nyZNYzw6VtHyZcjVtcw8tbtEbXGvbrp3+A5p3zQ2yrU03tSiRR+WTeGx2aS8c6T+y2gGfjyvqw==",
      "dev": true,
      "requires": {
        "binaryen": "91.0.0-nightly.20200310",
        "long": "^4.0.0"
      }
    },
    "binaryen": {
      "version": "91.0.0-nightly.20200310",
      "resolved": "https://registry.npmjs.org/binaryen/-/binaryen-91.0.0-nightly.20200310.tgz",
      "integrity": "sha512-MmDzq267aa61HdEQeYiz+7guJlsYk2/6NxWC8I4w1jijqDwoqyZZxi7UYnTH7QvfLrNdMjweEgfT7FHjkvkPmQ==",
      "dev": true
    },
    "long": {
      "version": "4.0.0",
      "resolved": "https://registry.npmjs.org/long/-/long-4.0.0.tgz",
      "integrity": "sha512-XsP+KhQif4bjX1kbuSiySJFNAehNxgLb6hPRGJ9QsUr8ajHkuXGdrHmFUTUUXhDwVX2R5bY4JNZEwbUiMhV+MA==",
      "dev": true
    }
  }
}
